PODS:
  - AFNetworking (3.1.0):
    - AFNetworking/NSURLSession (= 3.1.0)
    - AFNetworking/Reachability (= 3.1.0)
    - AFNetworking/Security (= 3.1.0)
    - AFNetworking/Serialization (= 3.1.0)
    - AFNetworking/UIKit (= 3.1.0)
  - AFNetworking+RetryPolicy (1.0.4):
    - AFNetworking (~> 3.0)
    - ObjcAssociatedObjectHelpers (= 2.0.1)
  - AFNetworking/NSURLSession (3.1.0):
    - AFNetworking/Reachability
    - AFNetworking/Security
    - AFNetworking/Serialization
  - AFNetworking/Reachability (3.1.0)
  - AFNetworking/Security (3.1.0)
  - AFNetworking/Serialization (3.1.0)
  - AFNetworking/UIKit (3.1.0):
    - AFNetworking/NSURLSession
  - AliyunOSSiOS (2.6.0)
  - Aspects (1.4.1)
  - BlocksKit (2.2.5):
    - BlocksKit/All (= 2.2.5)
  - BlocksKit/All (2.2.5):
    - BlocksKit/Core
    - BlocksKit/DynamicDelegate
    - BlocksKit/MessageUI
    - BlocksKit/UIKit
  - BlocksKit/Core (2.2.5)
  - BlocksKit/DynamicDelegate (2.2.5)
  - BlocksKit/MessageUI (2.2.5):
    - BlocksKit/Core
    - BlocksKit/DynamicDelegate
  - BlocksKit/UIKit (2.2.5):
    - BlocksKit/Core
    - BlocksKit/DynamicDelegate
  - Bugly (2.4.8)
  - DACircularProgress (2.3.1)
  - DDPageControl (0.1)
  - EGOCache (2.1.3)
  - FSCalendar (2.6.0)
  - JLRoutes (1.6)
  - JPush (2.1.9)
  - mailcore2-ios (0.6.4)
  - MBProgressHUD (0.9.2)
  - MJExtension (3.0.10)
  - MJRefresh (3.1.12)
  - MOBFoundation (2.2.3)
  - MWPhotoBrowser (2.1.2):
    - DACircularProgress (~> 2.3)
    - MBProgressHUD (~> 0.9)
    - SDWebImage (!= 3.7.2, ~> 3.7)
  - ObjcAssociatedObjectHelpers (2.0.1):
    - ObjcAssociatedObjectHelpers/Core (= 2.0.1)
    - ObjcAssociatedObjectHelpers/NSObject+Dictionary (= 2.0.1)
  - ObjcAssociatedObjectHelpers/Core (2.0.1)
  - ObjcAssociatedObjectHelpers/NSObject+Dictionary (2.0.1):
    - ObjcAssociatedObjectHelpers/Core
  - SDCycleScrollView (1.65):
    - SDWebImage (~> 3.7)
  - SDWebImage (3.7.6):
    - SDWebImage/Core (= 3.7.6)
  - SDWebImage/Core (3.7.6)
  - ShareSDK3 (3.5.2):
    - ShareSDK3/ShareSDK (= 3.5.2)
  - ShareSDK3/ShareSDK (3.5.2)
  - ShareSDK3/ShareSDKPlatforms/QQ (3.5.2)
  - ShareSDK3/ShareSDKPlatforms/SMS (3.5.2)
  - ShareSDK3/ShareSDKPlatforms/WeChat (3.5.2)
  - UICollectionViewLeftAlignedLayout (1.0.2)
  - UICountingLabel (1.4.0)
  - UMengAnalytics-NO-IDFA (4.1.5)
  - WebViewJavascriptBridge (4.1.5)
  - WZLBadge (1.2.5)
  - YYText (1.0.7)

DEPENDENCIES:
  - AFNetworking (= 3.1.0)
  - AFNetworking+RetryPolicy (= 1.0.4)
  - AliyunOSSiOS (= 2.6.0)
  - Aspects (= 1.4.1)
  - BlocksKit (= 2.2.5)
  - Bugly (= 2.4.8)
  - DDPageControl (= 0.1)
  - EGOCache (= 2.1.3)
  - FSCalendar (= 2.6.0)
  - JLRoutes (= 1.6)
  - JPush (= 2.1.9)
  - mailcore2-ios (= 0.6.4)
  - MBProgressHUD (= 0.9.2)
  - MJExtension (= 3.0.10)
  - MJRefresh (= 3.1.12)
  - MOBFoundation (= 2.2.3)
  - MWPhotoBrowser (= 2.1.2)
  - SDCycleScrollView (= 1.65)
  - SDWebImage (= 3.7.6)
  - ShareSDK3 (= 3.5.2)
  - ShareSDK3/ShareSDKPlatforms/QQ
  - ShareSDK3/ShareSDKPlatforms/SMS
  - ShareSDK3/ShareSDKPlatforms/WeChat
  - UICollectionViewLeftAlignedLayout (= 1.0.2)
  - UICountingLabel (= 1.4.0)
  - UMengAnalytics-NO-IDFA (= 4.1.5)
  - WebViewJavascriptBridge (= 4.1.5)
  - WZLBadge (= 1.2.5)
  - YYText

SPEC CHECKSUMS:
  AFNetworking: 5e0e199f73d8626b11e79750991f5d173d1f8b67
  AFNetworking+RetryPolicy: 3c0e09e525b8bc74ec788e337b12ea97d952ef10
  AliyunOSSiOS: 058b038cc82000dadb8f8e3893a97243124f2898
  Aspects: 7595ba96a6727a58ebcbfc954497fc5d2fdde546
  BlocksKit: 7f422b971407001178d181a43b99014ea2591fe6
  Bugly: da3c02408c14838d498429320545a8e439392978
  DACircularProgress: 4dd437c0fc3da5161cb289e07ac449493d41db71
  DDPageControl: 60c7d350477922b1e67fcf927f7e50eddc7dd207
  EGOCache: f0295dbe041156acabd39021354ad1045ee49e72
  FSCalendar: c00fa5f4c3ec343ee6f7b804ae19322e9898bb84
  JLRoutes: 435d791422e96c9b9b5e1c4db1aedb3ae1b1a08f
  JPush: 8bccf709ace4318a8e7008cc4fab42b706bfad46
  mailcore2-ios: 3ff0be2fa553d4da9c11d39c11d51863c768f24f
  MBProgressHUD: 1569cf7ace17a8bac47aabfbb8580a49690386d1
  MJExtension: d86aacb740c87519d20e3cca55b6fa4be6cc7548
  MJRefresh: b96cdb21c4aa75a7b07654311ab2f315c497e806
  MOBFoundation: 2bc5cd7011a2db75cf2b3ceacb7f4227eec88f3e
  MWPhotoBrowser: 5836d7aa041dc05a13de380c246826578adc5ea5
  ObjcAssociatedObjectHelpers: 686c291f292c26a49b9b1fa7d58130a8d35d59d2
  SDCycleScrollView: f72904c77698a7f93a41bcbbc2d78b073bf7326c
  SDWebImage: c325cf02c30337336b95beff20a13df489ec0ec9
  ShareSDK3: 08ed714e2bbdcd97ab60f58cb398227341dfc20a
  UICollectionViewLeftAlignedLayout: 830bf6fa5bab9f9b464f62e3384f9d2e00b3c0f6
  UICountingLabel: ed5ce5b6d5ef278ff40d99cfa49577a30ab0c87b
  UMengAnalytics-NO-IDFA: f1b08b540eba6ebad044a574cae6d988cf40cfda
  WebViewJavascriptBridge: e7b6669bebfc4f151daa0fdec3c8c24c8dc3a24e
  WZLBadge: 16c08aa0a645e2591690f21cbcb410a3d878c7ac
  YYText: 5c461d709e24d55a182d1441c41dc639a18a4849

PODFILE CHECKSUM: ecc4b2f794868c70a06c98680e69973bef0a41ed

COCOAPODS: 1.4.0
