// !$*UTF8*$!
{
	archiveVersion = 1;
	classes = {
	};
	objectVersion = 48;
	objects = {

/* Begin PBXBuildFile section */
		330662FFBF25FE82F11E5890 /* libPods-WarmCafe.a in Frameworks */ = {isa = PBXBuildFile; fileRef = 6EEB4C933459EB09507B50F9 /* libPods-WarmCafe.a */; };
		788C6F3CEEE1CB9D91811996 /* libPods-WarmCafeTests.a in Frameworks */ = {isa = PBXBuildFile; fileRef = 171C0AA6BEECF65842AF1A18 /* libPods-WarmCafeTests.a */; };
		8BEEBF222850B45D8C569B2D /* libPods-WarmCafeUITests.a in Frameworks */ = {isa = PBXBuildFile; fileRef = 0E4C9F099D8454F9062B7683 /* libPods-WarmCafeUITests.a */; };
		B44352ED207C66110092D037 /* JSCShopVC.m in Sources */ = {isa = PBXBuildFile; fileRef = B49D6D28206A144200A358E7 /* JSCShopVC.m */; };
		B44352EE207C66110092D037 /* JSCLaunchView.m in Sources */ = {isa = PBXBuildFile; fileRef = B49D6CE12068A18E00A358E7 /* JSCLaunchView.m */; };
		B44352EF207C66110092D037 /* JSCBaseViewController.m in Sources */ = {isa = PBXBuildFile; fileRef = B49D6CEF2068A62B00A358E7 /* JSCBaseViewController.m */; };
		B44352F0207C66110092D037 /* JSCHomeVC.m in Sources */ = {isa = PBXBuildFile; fileRef = B49D6D1E206A141B00A358E7 /* JSCHomeVC.m */; };
		B44352F1207C66110092D037 /* UIFont+YMStyle.m in Sources */ = {isa = PBXBuildFile; fileRef = B49D6CDB206895A900A358E7 /* UIFont+YMStyle.m */; };
		B44352F2207C66110092D037 /* JSCLaunchVC.m in Sources */ = {isa = PBXBuildFile; fileRef = B49D6CCB20688FB500A358E7 /* JSCLaunchVC.m */; };
		B44352F3207C66110092D037 /* JSCGiftCardVC.m in Sources */ = {isa = PBXBuildFile; fileRef = B48D91B5206BA1480085A980 /* JSCGiftCardVC.m */; };
		B44352F4207C66110092D037 /* JSCRootTabVC.m in Sources */ = {isa = PBXBuildFile; fileRef = B49D6CE92068A59900A358E7 /* JSCRootTabVC.m */; };
		B44352F5207C66110092D037 /* UIView+YMTool.m in Sources */ = {isa = PBXBuildFile; fileRef = B49D6CD62068934C00A358E7 /* UIView+YMTool.m */; };
		B44352F6207C66110092D037 /* JSCAccountVC.m in Sources */ = {isa = PBXBuildFile; fileRef = B49D6D2D206A145100A358E7 /* JSCAccountVC.m */; };
		B44352F7207C66110092D037 /* JSCRootTabBarVM.m in Sources */ = {isa = PBXBuildFile; fileRef = B49D6CF82068C1D500A358E7 /* JSCRootTabBarVM.m */; };
		B44352F8207C66110092D037 /* ViewController.m in Sources */ = {isa = PBXBuildFile; fileRef = B47917562064FA1C004CAF3C /* ViewController.m */; };
		B44352F9207C66110092D037 /* NSObject+JSCExtension.m in Sources */ = {isa = PBXBuildFile; fileRef = B49D6D0B2069EED800A358E7 /* NSObject+JSCExtension.m */; };
		B44352FA207C66110092D037 /* JSCWelcomeVC.m in Sources */ = {isa = PBXBuildFile; fileRef = B49D6CE62068A53B00A358E7 /* JSCWelcomeVC.m */; };
		B44352FB207C66110092D037 /* main.m in Sources */ = {isa = PBXBuildFile; fileRef = B47917612064FA1D004CAF3C /* main.m */; };
		B44352FC207C66110092D037 /* JSCBaseModel.m in Sources */ = {isa = PBXBuildFile; fileRef = B49D6CF52068C15D00A358E7 /* JSCBaseModel.m */; };
		B44352FD207C66110092D037 /* UIColor+YMStyle.m in Sources */ = {isa = PBXBuildFile; fileRef = B49D6CDD206895A900A358E7 /* UIColor+YMStyle.m */; };
		B44352FE207C66110092D037 /* AppDelegate.m in Sources */ = {isa = PBXBuildFile; fileRef = B47917532064FA1C004CAF3C /* AppDelegate.m */; };
		B44352FF207C66110092D037 /* JSCNavigationController.m in Sources */ = {isa = PBXBuildFile; fileRef = B48D91B2206B72010085A980 /* JSCNavigationController.m */; };
		B4435301207C66110092D037 /* libPods-WarmCafe.a in Frameworks */ = {isa = PBXBuildFile; fileRef = 6EEB4C933459EB09507B50F9 /* libPods-WarmCafe.a */; };
		B4435303207C66110092D037 /* JSCLaunchView.xib in Resources */ = {isa = PBXBuildFile; fileRef = B49D6CE32068A19A00A358E7 /* JSCLaunchView.xib */; };
		B4435304207C66110092D037 /* Default-568h@2x.png in Resources */ = {isa = PBXBuildFile; fileRef = B49D6D31206A183500A358E7 /* Default-568h@2x.png */; };
		B4435305207C66110092D037 /* LaunchScreen.storyboard in Resources */ = {isa = PBXBuildFile; fileRef = B479175D2064FA1D004CAF3C /* LaunchScreen.storyboard */; };
		B4435306207C66110092D037 /* JSCHomeVC.xib in Resources */ = {isa = PBXBuildFile; fileRef = B49D6D1F206A141B00A358E7 /* JSCHomeVC.xib */; };
		B4435307207C66110092D037 /* JSCShopVC.xib in Resources */ = {isa = PBXBuildFile; fileRef = B49D6D29206A144200A358E7 /* JSCShopVC.xib */; };
		B4435308207C66110092D037 /* Assets.xcassets in Resources */ = {isa = PBXBuildFile; fileRef = B479175B2064FA1D004CAF3C /* Assets.xcassets */; };
		B4435309207C66110092D037 /* JSCAccountVC.xib in Resources */ = {isa = PBXBuildFile; fileRef = B49D6D2E206A145100A358E7 /* JSCAccountVC.xib */; };
		B443530A207C66110092D037 /* JSCGiftCardVC.xib in Resources */ = {isa = PBXBuildFile; fileRef = B48D91B6206BA1480085A980 /* JSCGiftCardVC.xib */; };
		B47917542064FA1C004CAF3C /* AppDelegate.m in Sources */ = {isa = PBXBuildFile; fileRef = B47917532064FA1C004CAF3C /* AppDelegate.m */; };
		B47917572064FA1C004CAF3C /* ViewController.m in Sources */ = {isa = PBXBuildFile; fileRef = B47917562064FA1C004CAF3C /* ViewController.m */; };
		B479175C2064FA1D004CAF3C /* Assets.xcassets in Resources */ = {isa = PBXBuildFile; fileRef = B479175B2064FA1D004CAF3C /* Assets.xcassets */; };
		B479175F2064FA1D004CAF3C /* LaunchScreen.storyboard in Resources */ = {isa = PBXBuildFile; fileRef = B479175D2064FA1D004CAF3C /* LaunchScreen.storyboard */; };
		B47917622064FA1D004CAF3C /* main.m in Sources */ = {isa = PBXBuildFile; fileRef = B47917612064FA1D004CAF3C /* main.m */; };
		B479176C2064FA1D004CAF3C /* WarmCafeTests.m in Sources */ = {isa = PBXBuildFile; fileRef = B479176B2064FA1D004CAF3C /* WarmCafeTests.m */; };
		B47917772064FA1D004CAF3C /* WarmCafeUITests.m in Sources */ = {isa = PBXBuildFile; fileRef = B47917762064FA1D004CAF3C /* WarmCafeUITests.m */; };
		B48D91B3206B72010085A980 /* JSCNavigationController.m in Sources */ = {isa = PBXBuildFile; fileRef = B48D91B2206B72010085A980 /* JSCNavigationController.m */; };
		B48D91B7206BA1480085A980 /* JSCGiftCardVC.m in Sources */ = {isa = PBXBuildFile; fileRef = B48D91B5206BA1480085A980 /* JSCGiftCardVC.m */; };
		B48D91B8206BA1480085A980 /* JSCGiftCardVC.xib in Resources */ = {isa = PBXBuildFile; fileRef = B48D91B6206BA1480085A980 /* JSCGiftCardVC.xib */; };
		B49D6CCC20688FB500A358E7 /* JSCLaunchVC.m in Sources */ = {isa = PBXBuildFile; fileRef = B49D6CCB20688FB500A358E7 /* JSCLaunchVC.m */; };
		B49D6CD72068934C00A358E7 /* UIView+YMTool.m in Sources */ = {isa = PBXBuildFile; fileRef = B49D6CD62068934C00A358E7 /* UIView+YMTool.m */; };
		B49D6CDE206895A900A358E7 /* UIFont+YMStyle.m in Sources */ = {isa = PBXBuildFile; fileRef = B49D6CDB206895A900A358E7 /* UIFont+YMStyle.m */; };
		B49D6CDF206895A900A358E7 /* UIColor+YMStyle.m in Sources */ = {isa = PBXBuildFile; fileRef = B49D6CDD206895A900A358E7 /* UIColor+YMStyle.m */; };
		B49D6CE22068A18E00A358E7 /* JSCLaunchView.m in Sources */ = {isa = PBXBuildFile; fileRef = B49D6CE12068A18E00A358E7 /* JSCLaunchView.m */; };
		B49D6CE42068A19A00A358E7 /* JSCLaunchView.xib in Resources */ = {isa = PBXBuildFile; fileRef = B49D6CE32068A19A00A358E7 /* JSCLaunchView.xib */; };
		B49D6CE72068A53B00A358E7 /* JSCWelcomeVC.m in Sources */ = {isa = PBXBuildFile; fileRef = B49D6CE62068A53B00A358E7 /* JSCWelcomeVC.m */; };
		B49D6CEA2068A59900A358E7 /* JSCRootTabVC.m in Sources */ = {isa = PBXBuildFile; fileRef = B49D6CE92068A59900A358E7 /* JSCRootTabVC.m */; };
		B49D6CF02068A62B00A358E7 /* JSCBaseViewController.m in Sources */ = {isa = PBXBuildFile; fileRef = B49D6CEF2068A62B00A358E7 /* JSCBaseViewController.m */; };
		B49D6CF62068C15D00A358E7 /* JSCBaseModel.m in Sources */ = {isa = PBXBuildFile; fileRef = B49D6CF52068C15D00A358E7 /* JSCBaseModel.m */; };
		B49D6CF92068C1D500A358E7 /* JSCRootTabBarVM.m in Sources */ = {isa = PBXBuildFile; fileRef = B49D6CF82068C1D500A358E7 /* JSCRootTabBarVM.m */; };
		B49D6D0C2069EED800A358E7 /* NSObject+JSCExtension.m in Sources */ = {isa = PBXBuildFile; fileRef = B49D6D0B2069EED800A358E7 /* NSObject+JSCExtension.m */; };
		B49D6D20206A141B00A358E7 /* JSCHomeVC.m in Sources */ = {isa = PBXBuildFile; fileRef = B49D6D1E206A141B00A358E7 /* JSCHomeVC.m */; };
		B49D6D21206A141B00A358E7 /* JSCHomeVC.xib in Resources */ = {isa = PBXBuildFile; fileRef = B49D6D1F206A141B00A358E7 /* JSCHomeVC.xib */; };
		B49D6D2A206A144200A358E7 /* JSCShopVC.m in Sources */ = {isa = PBXBuildFile; fileRef = B49D6D28206A144200A358E7 /* JSCShopVC.m */; };
		B49D6D2B206A144200A358E7 /* JSCShopVC.xib in Resources */ = {isa = PBXBuildFile; fileRef = B49D6D29206A144200A358E7 /* JSCShopVC.xib */; };
		B49D6D2F206A145100A358E7 /* JSCAccountVC.m in Sources */ = {isa = PBXBuildFile; fileRef = B49D6D2D206A145100A358E7 /* JSCAccountVC.m */; };
		B49D6D30206A145100A358E7 /* JSCAccountVC.xib in Resources */ = {isa = PBXBuildFile; fileRef = B49D6D2E206A145100A358E7 /* JSCAccountVC.xib */; };
		B49D6D32206A183500A358E7 /* Default-568h@2x.png in Resources */ = {isa = PBXBuildFile; fileRef = B49D6D31206A183500A358E7 /* Default-568h@2x.png */; };
/* End PBXBuildFile section */

/* Begin PBXContainerItemProxy section */
		B47917682064FA1D004CAF3C /* PBXContainerItemProxy */ = {
			isa = PBXContainerItemProxy;
			containerPortal = B47917472064FA1C004CAF3C /* Project object */;
			proxyType = 1;
			remoteGlobalIDString = B479174E2064FA1C004CAF3C;
			remoteInfo = WarmCafe;
		};
		B47917732064FA1D004CAF3C /* PBXContainerItemProxy */ = {
			isa = PBXContainerItemProxy;
			containerPortal = B47917472064FA1C004CAF3C /* Project object */;
			proxyType = 1;
			remoteGlobalIDString = B479174E2064FA1C004CAF3C;
			remoteInfo = WarmCafe;
		};
/* End PBXContainerItemProxy section */

/* Begin PBXFileReference section */
		0E4C9F099D8454F9062B7683 /* libPods-WarmCafeUITests.a */ = {isa = PBXFileReference; explicitFileType = archive.ar; includeInIndex = 0; path = "libPods-WarmCafeUITests.a"; sourceTree = BUILT_PRODUCTS_DIR; };
		11D13BF206716D887422F321 /* Pods-WarmCafe.debug.xcconfig */ = {isa = PBXFileReference; includeInIndex = 1; lastKnownFileType = text.xcconfig; name = "Pods-WarmCafe.debug.xcconfig"; path = "Pods/Target Support Files/Pods-WarmCafe/Pods-WarmCafe.debug.xcconfig"; sourceTree = "<group>"; };
		171C0AA6BEECF65842AF1A18 /* libPods-WarmCafeTests.a */ = {isa = PBXFileReference; explicitFileType = archive.ar; includeInIndex = 0; path = "libPods-WarmCafeTests.a"; sourceTree = BUILT_PRODUCTS_DIR; };
		5C5BEBE205FCD580084EFCB5 /* Pods-WarmCafe.release.xcconfig */ = {isa = PBXFileReference; includeInIndex = 1; lastKnownFileType = text.xcconfig; name = "Pods-WarmCafe.release.xcconfig"; path = "Pods/Target Support Files/Pods-WarmCafe/Pods-WarmCafe.release.xcconfig"; sourceTree = "<group>"; };
		5C6BB27C7052403E228D5C98 /* Pods-WarmCafeTests.release.xcconfig */ = {isa = PBXFileReference; includeInIndex = 1; lastKnownFileType = text.xcconfig; name = "Pods-WarmCafeTests.release.xcconfig"; path = "Pods/Target Support Files/Pods-WarmCafeTests/Pods-WarmCafeTests.release.xcconfig"; sourceTree = "<group>"; };
		6EEB4C933459EB09507B50F9 /* libPods-WarmCafe.a */ = {isa = PBXFileReference; explicitFileType = archive.ar; includeInIndex = 0; path = "libPods-WarmCafe.a"; sourceTree = BUILT_PRODUCTS_DIR; };
		A24DA2A202345781710633C0 /* Pods-WarmCafeUITests.debug.xcconfig */ = {isa = PBXFileReference; includeInIndex = 1; lastKnownFileType = text.xcconfig; name = "Pods-WarmCafeUITests.debug.xcconfig"; path = "Pods/Target Support Files/Pods-WarmCafeUITests/Pods-WarmCafeUITests.debug.xcconfig"; sourceTree = "<group>"; };
		A55299266DF9E04D642CAE01 /* Pods-WarmCafeTests.debug.xcconfig */ = {isa = PBXFileReference; includeInIndex = 1; lastKnownFileType = text.xcconfig; name = "Pods-WarmCafeTests.debug.xcconfig"; path = "Pods/Target Support Files/Pods-WarmCafeTests/Pods-WarmCafeTests.debug.xcconfig"; sourceTree = "<group>"; };
		B4435310207C66110092D037 /* WarmCafeTest.app */ = {isa = PBXFileReference; explicitFileType = wrapper.application; includeInIndex = 0; path = WarmCafeTest.app; sourceTree = BUILT_PRODUCTS_DIR; };
		B4435311207C66160092D037 /* WarmCafeTest-Info.plist */ = {isa = PBXFileReference; lastKnownFileType = text.plist.xml; name = "WarmCafeTest-Info.plist"; path = "/Users/jersey/Develop/JerseyCafe/WarmCafe/WarmCafe/Supporting Files/WarmCafeTest-Info.plist"; sourceTree = "<absolute>"; };
		B479174F2064FA1C004CAF3C /* WarmCafe.app */ = {isa = PBXFileReference; explicitFileType = wrapper.application; includeInIndex = 0; path = WarmCafe.app; sourceTree = BUILT_PRODUCTS_DIR; };
		B47917522064FA1C004CAF3C /* AppDelegate.h */ = {isa = PBXFileReference; lastKnownFileType = sourcecode.c.h; path = AppDelegate.h; sourceTree = "<group>"; };
		B47917532064FA1C004CAF3C /* AppDelegate.m */ = {isa = PBXFileReference; lastKnownFileType = sourcecode.c.objc; path = AppDelegate.m; sourceTree = "<group>"; };
		B47917552064FA1C004CAF3C /* ViewController.h */ = {isa = PBXFileReference; lastKnownFileType = sourcecode.c.h; path = ViewController.h; sourceTree = "<group>"; };
		B47917562064FA1C004CAF3C /* ViewController.m */ = {isa = PBXFileReference; lastKnownFileType = sourcecode.c.objc; path = ViewController.m; sourceTree = "<group>"; };
		B479175B2064FA1D004CAF3C /* Assets.xcassets */ = {isa = PBXFileReference; lastKnownFileType = folder.assetcatalog; path = Assets.xcassets; sourceTree = "<group>"; };
		B479175E2064FA1D004CAF3C /* Base */ = {isa = PBXFileReference; lastKnownFileType = file.storyboard; name = Base; path = Base.lproj/LaunchScreen.storyboard; sourceTree = "<group>"; };
		B47917602064FA1D004CAF3C /* Info.plist */ = {isa = PBXFileReference; lastKnownFileType = text.plist.xml; path = Info.plist; sourceTree = "<group>"; };
		B47917612064FA1D004CAF3C /* main.m */ = {isa = PBXFileReference; lastKnownFileType = sourcecode.c.objc; path = main.m; sourceTree = "<group>"; };
		B47917672064FA1D004CAF3C /* WarmCafeTests.xctest */ = {isa = PBXFileReference; explicitFileType = wrapper.cfbundle; includeInIndex = 0; path = WarmCafeTests.xctest; sourceTree = BUILT_PRODUCTS_DIR; };
		B479176B2064FA1D004CAF3C /* WarmCafeTests.m */ = {isa = PBXFileReference; lastKnownFileType = sourcecode.c.objc; path = WarmCafeTests.m; sourceTree = "<group>"; };
		B479176D2064FA1D004CAF3C /* Info.plist */ = {isa = PBXFileReference; lastKnownFileType = text.plist.xml; path = Info.plist; sourceTree = "<group>"; };
		B47917722064FA1D004CAF3C /* WarmCafeUITests.xctest */ = {isa = PBXFileReference; explicitFileType = wrapper.cfbundle; includeInIndex = 0; path = WarmCafeUITests.xctest; sourceTree = BUILT_PRODUCTS_DIR; };
		B47917762064FA1D004CAF3C /* WarmCafeUITests.m */ = {isa = PBXFileReference; lastKnownFileType = sourcecode.c.objc; path = WarmCafeUITests.m; sourceTree = "<group>"; };
		B47917782064FA1D004CAF3C /* Info.plist */ = {isa = PBXFileReference; lastKnownFileType = text.plist.xml; path = Info.plist; sourceTree = "<group>"; };
		B48D91B1206B72010085A980 /* JSCNavigationController.h */ = {isa = PBXFileReference; lastKnownFileType = sourcecode.c.h; path = JSCNavigationController.h; sourceTree = "<group>"; };
		B48D91B2206B72010085A980 /* JSCNavigationController.m */ = {isa = PBXFileReference; lastKnownFileType = sourcecode.c.objc; path = JSCNavigationController.m; sourceTree = "<group>"; };
		B48D91B4206BA1480085A980 /* JSCGiftCardVC.h */ = {isa = PBXFileReference; lastKnownFileType = sourcecode.c.h; path = JSCGiftCardVC.h; sourceTree = "<group>"; };
		B48D91B5206BA1480085A980 /* JSCGiftCardVC.m */ = {isa = PBXFileReference; lastKnownFileType = sourcecode.c.objc; path = JSCGiftCardVC.m; sourceTree = "<group>"; };
		B48D91B6206BA1480085A980 /* JSCGiftCardVC.xib */ = {isa = PBXFileReference; lastKnownFileType = file.xib; path = JSCGiftCardVC.xib; sourceTree = "<group>"; };
		B49D6CCA20688FB500A358E7 /* JSCLaunchVC.h */ = {isa = PBXFileReference; lastKnownFileType = sourcecode.c.h; path = JSCLaunchVC.h; sourceTree = "<group>"; };
		B49D6CCB20688FB500A358E7 /* JSCLaunchVC.m */ = {isa = PBXFileReference; lastKnownFileType = sourcecode.c.objc; path = JSCLaunchVC.m; sourceTree = "<group>"; };
		B49D6CCD2068900300A358E7 /* JSCPrefixHeader.pch */ = {isa = PBXFileReference; lastKnownFileType = sourcecode.c.h; path = JSCPrefixHeader.pch; sourceTree = "<group>"; };
		B49D6CCE2068910A00A358E7 /* PublicFile.h */ = {isa = PBXFileReference; lastKnownFileType = sourcecode.c.h; path = PublicFile.h; sourceTree = "<group>"; };
		B49D6CCF2068913500A358E7 /* PublicMacroDefinition.h */ = {isa = PBXFileReference; lastKnownFileType = sourcecode.c.h; path = PublicMacroDefinition.h; sourceTree = "<group>"; };
		B49D6CD52068934C00A358E7 /* UIView+YMTool.h */ = {isa = PBXFileReference; fileEncoding = 4; lastKnownFileType = sourcecode.c.h; path = "UIView+YMTool.h"; sourceTree = "<group>"; };
		B49D6CD62068934C00A358E7 /* UIView+YMTool.m */ = {isa = PBXFileReference; fileEncoding = 4; lastKnownFileType = sourcecode.c.objc; path = "UIView+YMTool.m"; sourceTree = "<group>"; };
		B49D6CDA206895A900A358E7 /* UIColor+YMStyle.h */ = {isa = PBXFileReference; fileEncoding = 4; lastKnownFileType = sourcecode.c.h; path = "UIColor+YMStyle.h"; sourceTree = "<group>"; };
		B49D6CDB206895A900A358E7 /* UIFont+YMStyle.m */ = {isa = PBXFileReference; fileEncoding = 4; lastKnownFileType = sourcecode.c.objc; path = "UIFont+YMStyle.m"; sourceTree = "<group>"; };
		B49D6CDC206895A900A358E7 /* UIFont+YMStyle.h */ = {isa = PBXFileReference; fileEncoding = 4; lastKnownFileType = sourcecode.c.h; path = "UIFont+YMStyle.h"; sourceTree = "<group>"; };
		B49D6CDD206895A900A358E7 /* UIColor+YMStyle.m */ = {isa = PBXFileReference; fileEncoding = 4; lastKnownFileType = sourcecode.c.objc; path = "UIColor+YMStyle.m"; sourceTree = "<group>"; };
		B49D6CE02068A18E00A358E7 /* JSCLaunchView.h */ = {isa = PBXFileReference; lastKnownFileType = sourcecode.c.h; path = JSCLaunchView.h; sourceTree = "<group>"; };
		B49D6CE12068A18E00A358E7 /* JSCLaunchView.m */ = {isa = PBXFileReference; lastKnownFileType = sourcecode.c.objc; path = JSCLaunchView.m; sourceTree = "<group>"; };
		B49D6CE32068A19A00A358E7 /* JSCLaunchView.xib */ = {isa = PBXFileReference; lastKnownFileType = file.xib; path = JSCLaunchView.xib; sourceTree = "<group>"; };
		B49D6CE52068A53B00A358E7 /* JSCWelcomeVC.h */ = {isa = PBXFileReference; lastKnownFileType = sourcecode.c.h; path = JSCWelcomeVC.h; sourceTree = "<group>"; };
		B49D6CE62068A53B00A358E7 /* JSCWelcomeVC.m */ = {isa = PBXFileReference; lastKnownFileType = sourcecode.c.objc; path = JSCWelcomeVC.m; sourceTree = "<group>"; };
		B49D6CE82068A59900A358E7 /* JSCRootTabVC.h */ = {isa = PBXFileReference; lastKnownFileType = sourcecode.c.h; path = JSCRootTabVC.h; sourceTree = "<group>"; };
		B49D6CE92068A59900A358E7 /* JSCRootTabVC.m */ = {isa = PBXFileReference; lastKnownFileType = sourcecode.c.objc; path = JSCRootTabVC.m; sourceTree = "<group>"; };
		B49D6CEE2068A62B00A358E7 /* JSCBaseViewController.h */ = {isa = PBXFileReference; lastKnownFileType = sourcecode.c.h; path = JSCBaseViewController.h; sourceTree = "<group>"; };
		B49D6CEF2068A62B00A358E7 /* JSCBaseViewController.m */ = {isa = PBXFileReference; lastKnownFileType = sourcecode.c.objc; path = JSCBaseViewController.m; sourceTree = "<group>"; };
		B49D6CF42068C15D00A358E7 /* JSCBaseModel.h */ = {isa = PBXFileReference; lastKnownFileType = sourcecode.c.h; path = JSCBaseModel.h; sourceTree = "<group>"; };
		B49D6CF52068C15D00A358E7 /* JSCBaseModel.m */ = {isa = PBXFileReference; lastKnownFileType = sourcecode.c.objc; path = JSCBaseModel.m; sourceTree = "<group>"; };
		B49D6CF72068C1D500A358E7 /* JSCRootTabBarVM.h */ = {isa = PBXFileReference; lastKnownFileType = sourcecode.c.h; path = JSCRootTabBarVM.h; sourceTree = "<group>"; };
		B49D6CF82068C1D500A358E7 /* JSCRootTabBarVM.m */ = {isa = PBXFileReference; lastKnownFileType = sourcecode.c.objc; path = JSCRootTabBarVM.m; sourceTree = "<group>"; };
		B49D6D0A2069EED800A358E7 /* NSObject+JSCExtension.h */ = {isa = PBXFileReference; lastKnownFileType = sourcecode.c.h; path = "NSObject+JSCExtension.h"; sourceTree = "<group>"; };
		B49D6D0B2069EED800A358E7 /* NSObject+JSCExtension.m */ = {isa = PBXFileReference; lastKnownFileType = sourcecode.c.objc; path = "NSObject+JSCExtension.m"; sourceTree = "<group>"; };
		B49D6D1D206A141B00A358E7 /* JSCHomeVC.h */ = {isa = PBXFileReference; lastKnownFileType = sourcecode.c.h; path = JSCHomeVC.h; sourceTree = "<group>"; };
		B49D6D1E206A141B00A358E7 /* JSCHomeVC.m */ = {isa = PBXFileReference; lastKnownFileType = sourcecode.c.objc; path = JSCHomeVC.m; sourceTree = "<group>"; };
		B49D6D1F206A141B00A358E7 /* JSCHomeVC.xib */ = {isa = PBXFileReference; lastKnownFileType = file.xib; path = JSCHomeVC.xib; sourceTree = "<group>"; };
		B49D6D27206A144200A358E7 /* JSCShopVC.h */ = {isa = PBXFileReference; lastKnownFileType = sourcecode.c.h; path = JSCShopVC.h; sourceTree = "<group>"; };
		B49D6D28206A144200A358E7 /* JSCShopVC.m */ = {isa = PBXFileReference; lastKnownFileType = sourcecode.c.objc; path = JSCShopVC.m; sourceTree = "<group>"; };
		B49D6D29206A144200A358E7 /* JSCShopVC.xib */ = {isa = PBXFileReference; lastKnownFileType = file.xib; path = JSCShopVC.xib; sourceTree = "<group>"; };
		B49D6D2C206A145100A358E7 /* JSCAccountVC.h */ = {isa = PBXFileReference; lastKnownFileType = sourcecode.c.h; path = JSCAccountVC.h; sourceTree = "<group>"; };
		B49D6D2D206A145100A358E7 /* JSCAccountVC.m */ = {isa = PBXFileReference; lastKnownFileType = sourcecode.c.objc; path = JSCAccountVC.m; sourceTree = "<group>"; };
		B49D6D2E206A145100A358E7 /* JSCAccountVC.xib */ = {isa = PBXFileReference; lastKnownFileType = file.xib; path = JSCAccountVC.xib; sourceTree = "<group>"; };
		B49D6D31206A183500A358E7 /* Default-568h@2x.png */ = {isa = PBXFileReference; lastKnownFileType = image.png; path = "Default-568h@2x.png"; sourceTree = "<group>"; };
		B9AD4F6888C36E3996FDAE5E /* Pods-WarmCafeUITests.release.xcconfig */ = {isa = PBXFileReference; includeInIndex = 1; lastKnownFileType = text.xcconfig; name = "Pods-WarmCafeUITests.release.xcconfig"; path = "Pods/Target Support Files/Pods-WarmCafeUITests/Pods-WarmCafeUITests.release.xcconfig"; sourceTree = "<group>"; };
/* End PBXFileReference section */

/* Begin PBXFrameworksBuildPhase section */
		B4435300207C66110092D037 /* Frameworks */ = {
			isa = PBXFrameworksBuildPhase;
			buildActionMask = 2147483647;
			files = (
				B4435301207C66110092D037 /* libPods-WarmCafe.a in Frameworks */,
			);
			runOnlyForDeploymentPostprocessing = 0;
		};
		B479174C2064FA1C004CAF3C /* Frameworks */ = {
			isa = PBXFrameworksBuildPhase;
			buildActionMask = 2147483647;
			files = (
				330662FFBF25FE82F11E5890 /* libPods-WarmCafe.a in Frameworks */,
			);
			runOnlyForDeploymentPostprocessing = 0;
		};
		B47917642064FA1D004CAF3C /* Frameworks */ = {
			isa = PBXFrameworksBuildPhase;
			buildActionMask = 2147483647;
			files = (
				788C6F3CEEE1CB9D91811996 /* libPods-WarmCafeTests.a in Frameworks */,
			);
			runOnlyForDeploymentPostprocessing = 0;
		};
		B479176F2064FA1D004CAF3C /* Frameworks */ = {
			isa = PBXFrameworksBuildPhase;
			buildActionMask = 2147483647;
			files = (
				8BEEBF222850B45D8C569B2D /* libPods-WarmCafeUITests.a in Frameworks */,
			);
			runOnlyForDeploymentPostprocessing = 0;
		};
/* End PBXFrameworksBuildPhase section */

/* Begin PBXGroup section */
		3F794C36974D869D853BE472 /* Frameworks */ = {
			isa = PBXGroup;
			children = (
				6EEB4C933459EB09507B50F9 /* libPods-WarmCafe.a */,
				171C0AA6BEECF65842AF1A18 /* libPods-WarmCafeTests.a */,
				0E4C9F099D8454F9062B7683 /* libPods-WarmCafeUITests.a */,
			);
			name = Frameworks;
			sourceTree = "<group>";
		};
		B47917462064FA1C004CAF3C = {
			isa = PBXGroup;
			children = (
				B49D6D31206A183500A358E7 /* Default-568h@2x.png */,
				B47917512064FA1C004CAF3C /* WarmCafe */,
				B479176A2064FA1D004CAF3C /* WarmCafeTests */,
				B47917752064FA1D004CAF3C /* WarmCafeUITests */,
				B47917502064FA1C004CAF3C /* Products */,
				FD783199C2AA65AAF87EC276 /* Pods */,
				3F794C36974D869D853BE472 /* Frameworks */,
			);
			sourceTree = "<group>";
		};
		B47917502064FA1C004CAF3C /* Products */ = {
			isa = PBXGroup;
			children = (
				B479174F2064FA1C004CAF3C /* WarmCafe.app */,
				B47917672064FA1D004CAF3C /* WarmCafeTests.xctest */,
				B47917722064FA1D004CAF3C /* WarmCafeUITests.xctest */,
				B4435310207C66110092D037 /* WarmCafeTest.app */,
			);
			name = Products;
			sourceTree = "<group>";
		};
		B47917512064FA1C004CAF3C /* WarmCafe */ = {
			isa = PBXGroup;
			children = (
				B49D6CC620688DFA00A358E7 /* Main */,
				B49D6D192069F8C700A358E7 /* Home */,
				B49D6D112069F8C700A358E7 /* GiftCard */,
				B49D6D152069F8C700A358E7 /* Shop */,
				B49D6D0D2069F8C600A358E7 /* Account */,
				B49D6CD02068915400A358E7 /* Public */,
				B47917552064FA1C004CAF3C /* ViewController.h */,
				B47917562064FA1C004CAF3C /* ViewController.m */,
				B479178420650445004CAF3C /* Supporting Files */,
			);
			path = WarmCafe;
			sourceTree = "<group>";
		};
		B479176A2064FA1D004CAF3C /* WarmCafeTests */ = {
			isa = PBXGroup;
			children = (
				B479176B2064FA1D004CAF3C /* WarmCafeTests.m */,
				B479176D2064FA1D004CAF3C /* Info.plist */,
			);
			path = WarmCafeTests;
			sourceTree = "<group>";
		};
		B47917752064FA1D004CAF3C /* WarmCafeUITests */ = {
			isa = PBXGroup;
			children = (
				B47917762064FA1D004CAF3C /* WarmCafeUITests.m */,
				B47917782064FA1D004CAF3C /* Info.plist */,
			);
			path = WarmCafeUITests;
			sourceTree = "<group>";
		};
		B479178420650445004CAF3C /* Supporting Files */ = {
			isa = PBXGroup;
			children = (
				B47917522064FA1C004CAF3C /* AppDelegate.h */,
				B47917532064FA1C004CAF3C /* AppDelegate.m */,
				B479175D2064FA1D004CAF3C /* LaunchScreen.storyboard */,
				B47917602064FA1D004CAF3C /* Info.plist */,
				B4435311207C66160092D037 /* WarmCafeTest-Info.plist */,
				B47917612064FA1D004CAF3C /* main.m */,
				B479175B2064FA1D004CAF3C /* Assets.xcassets */,
				B49D6CCD2068900300A358E7 /* JSCPrefixHeader.pch */,
			);
			path = "Supporting Files";
			sourceTree = "<group>";
		};
		B49D6CC620688DFA00A358E7 /* Main */ = {
			isa = PBXGroup;
			children = (
				B49D6CC720688E5A00A358E7 /* Controller */,
				B49D6CC820688E5B00A358E7 /* Model */,
				B49D6CC920688E5B00A358E7 /* View */,
			);
			path = Main;
			sourceTree = "<group>";
		};
		B49D6CC720688E5A00A358E7 /* Controller */ = {
			isa = PBXGroup;
			children = (
				B49D6CCA20688FB500A358E7 /* JSCLaunchVC.h */,
				B49D6CCB20688FB500A358E7 /* JSCLaunchVC.m */,
				B49D6CE52068A53B00A358E7 /* JSCWelcomeVC.h */,
				B49D6CE62068A53B00A358E7 /* JSCWelcomeVC.m */,
				B49D6CE82068A59900A358E7 /* JSCRootTabVC.h */,
				B49D6CE92068A59900A358E7 /* JSCRootTabVC.m */,
			);
			path = Controller;
			sourceTree = "<group>";
		};
		B49D6CC820688E5B00A358E7 /* Model */ = {
			isa = PBXGroup;
			children = (
				B49D6CF72068C1D500A358E7 /* JSCRootTabBarVM.h */,
				B49D6CF82068C1D500A358E7 /* JSCRootTabBarVM.m */,
			);
			path = Model;
			sourceTree = "<group>";
		};
		B49D6CC920688E5B00A358E7 /* View */ = {
			isa = PBXGroup;
			children = (
				B49D6CE02068A18E00A358E7 /* JSCLaunchView.h */,
				B49D6CE12068A18E00A358E7 /* JSCLaunchView.m */,
				B49D6CE32068A19A00A358E7 /* JSCLaunchView.xib */,
			);
			path = View;
			sourceTree = "<group>";
		};
		B49D6CD02068915400A358E7 /* Public */ = {
			isa = PBXGroup;
			children = (
				B49D6CED2068A60F00A358E7 /* BaseModel */,
				B49D6CEC2068A60500A358E7 /* BaseView */,
				B49D6CEB2068A5D300A358E7 /* BaseController */,
				B49D6CD82068955400A358E7 /* BaseKit */,
				B49D6CD2206892E900A358E7 /* Tool */,
				B49D6CCE2068910A00A358E7 /* PublicFile.h */,
				B49D6CCF2068913500A358E7 /* PublicMacroDefinition.h */,
			);
			path = Public;
			sourceTree = "<group>";
		};
		B49D6CD2206892E900A358E7 /* Tool */ = {
			isa = PBXGroup;
			children = (
				B49D6CD42068931E00A358E7 /* Original */,
			);
			path = Tool;
			sourceTree = "<group>";
		};
		B49D6CD42068931E00A358E7 /* Original */ = {
			isa = PBXGroup;
			children = (
				B49D6CD52068934C00A358E7 /* UIView+YMTool.h */,
				B49D6CD62068934C00A358E7 /* UIView+YMTool.m */,
			);
			path = Original;
			sourceTree = "<group>";
		};
		B49D6CD82068955400A358E7 /* BaseKit */ = {
			isa = PBXGroup;
			children = (
				B49D6CD92068957700A358E7 /* JSCStyle */,
			);
			path = BaseKit;
			sourceTree = "<group>";
		};
		B49D6CD92068957700A358E7 /* JSCStyle */ = {
			isa = PBXGroup;
			children = (
				B49D6CDA206895A900A358E7 /* UIColor+YMStyle.h */,
				B49D6CDD206895A900A358E7 /* UIColor+YMStyle.m */,
				B49D6CDC206895A900A358E7 /* UIFont+YMStyle.h */,
				B49D6CDB206895A900A358E7 /* UIFont+YMStyle.m */,
			);
			path = JSCStyle;
			sourceTree = "<group>";
		};
		B49D6CEB2068A5D300A358E7 /* BaseController */ = {
			isa = PBXGroup;
			children = (
				B49D6CEE2068A62B00A358E7 /* JSCBaseViewController.h */,
				B49D6CEF2068A62B00A358E7 /* JSCBaseViewController.m */,
				B48D91B1206B72010085A980 /* JSCNavigationController.h */,
				B48D91B2206B72010085A980 /* JSCNavigationController.m */,
			);
			path = BaseController;
			sourceTree = "<group>";
		};
		B49D6CEC2068A60500A358E7 /* BaseView */ = {
			isa = PBXGroup;
			children = (
			);
			path = BaseView;
			sourceTree = "<group>";
		};
		B49D6CED2068A60F00A358E7 /* BaseModel */ = {
			isa = PBXGroup;
			children = (
				B49D6CF42068C15D00A358E7 /* JSCBaseModel.h */,
				B49D6CF52068C15D00A358E7 /* JSCBaseModel.m */,
				B49D6D0A2069EED800A358E7 /* NSObject+JSCExtension.h */,
				B49D6D0B2069EED800A358E7 /* NSObject+JSCExtension.m */,
			);
			path = BaseModel;
			sourceTree = "<group>";
		};
		B49D6D0D2069F8C600A358E7 /* Account */ = {
			isa = PBXGroup;
			children = (
				B49D6D0E2069F8C600A358E7 /* Controller */,
				B49D6D0F2069F8C600A358E7 /* Model */,
				B49D6D102069F8C600A358E7 /* View */,
			);
			path = Account;
			sourceTree = "<group>";
		};
		B49D6D0E2069F8C600A358E7 /* Controller */ = {
			isa = PBXGroup;
			children = (
				B49D6D2C206A145100A358E7 /* JSCAccountVC.h */,
				B49D6D2D206A145100A358E7 /* JSCAccountVC.m */,
				B49D6D2E206A145100A358E7 /* JSCAccountVC.xib */,
			);
			path = Controller;
			sourceTree = "<group>";
		};
		B49D6D0F2069F8C600A358E7 /* Model */ = {
			isa = PBXGroup;
			children = (
			);
			path = Model;
			sourceTree = "<group>";
		};
		B49D6D102069F8C600A358E7 /* View */ = {
			isa = PBXGroup;
			children = (
			);
			path = View;
			sourceTree = "<group>";
		};
		B49D6D112069F8C700A358E7 /* GiftCard */ = {
			isa = PBXGroup;
			children = (
				B49D6D122069F8C700A358E7 /* Controller */,
				B49D6D132069F8C700A358E7 /* Model */,
				B49D6D142069F8C700A358E7 /* View */,
			);
			path = GiftCard;
			sourceTree = "<group>";
		};
		B49D6D122069F8C700A358E7 /* Controller */ = {
			isa = PBXGroup;
			children = (
				B48D91B4206BA1480085A980 /* JSCGiftCardVC.h */,
				B48D91B5206BA1480085A980 /* JSCGiftCardVC.m */,
				B48D91B6206BA1480085A980 /* JSCGiftCardVC.xib */,
			);
			path = Controller;
			sourceTree = "<group>";
		};
		B49D6D132069F8C700A358E7 /* Model */ = {
			isa = PBXGroup;
			children = (
			);
			path = Model;
			sourceTree = "<group>";
		};
		B49D6D142069F8C700A358E7 /* View */ = {
			isa = PBXGroup;
			children = (
			);
			path = View;
			sourceTree = "<group>";
		};
		B49D6D152069F8C700A358E7 /* Shop */ = {
			isa = PBXGroup;
			children = (
				B49D6D162069F8C700A358E7 /* Controller */,
				B49D6D172069F8C700A358E7 /* Model */,
				B49D6D182069F8C700A358E7 /* View */,
			);
			path = Shop;
			sourceTree = "<group>";
		};
		B49D6D162069F8C700A358E7 /* Controller */ = {
			isa = PBXGroup;
			children = (
				B49D6D27206A144200A358E7 /* JSCShopVC.h */,
				B49D6D28206A144200A358E7 /* JSCShopVC.m */,
				B49D6D29206A144200A358E7 /* JSCShopVC.xib */,
			);
			path = Controller;
			sourceTree = "<group>";
		};
		B49D6D172069F8C700A358E7 /* Model */ = {
			isa = PBXGroup;
			children = (
			);
			path = Model;
			sourceTree = "<group>";
		};
		B49D6D182069F8C700A358E7 /* View */ = {
			isa = PBXGroup;
			children = (
			);
			path = View;
			sourceTree = "<group>";
		};
		B49D6D192069F8C700A358E7 /* Home */ = {
			isa = PBXGroup;
			children = (
				B49D6D1A2069F8C700A358E7 /* Controller */,
				B49D6D1B2069F8C700A358E7 /* Model */,
				B49D6D1C2069F8C700A358E7 /* View */,
			);
			path = Home;
			sourceTree = "<group>";
		};
		B49D6D1A2069F8C700A358E7 /* Controller */ = {
			isa = PBXGroup;
			children = (
				B49D6D1D206A141B00A358E7 /* JSCHomeVC.h */,
				B49D6D1E206A141B00A358E7 /* JSCHomeVC.m */,
				B49D6D1F206A141B00A358E7 /* JSCHomeVC.xib */,
			);
			path = Controller;
			sourceTree = "<group>";
		};
		B49D6D1B2069F8C700A358E7 /* Model */ = {
			isa = PBXGroup;
			children = (
			);
			path = Model;
			sourceTree = "<group>";
		};
		B49D6D1C2069F8C700A358E7 /* View */ = {
			isa = PBXGroup;
			children = (
			);
			path = View;
			sourceTree = "<group>";
		};
		FD783199C2AA65AAF87EC276 /* Pods */ = {
			isa = PBXGroup;
			children = (
				11D13BF206716D887422F321 /* Pods-WarmCafe.debug.xcconfig */,
				5C5BEBE205FCD580084EFCB5 /* Pods-WarmCafe.release.xcconfig */,
				A55299266DF9E04D642CAE01 /* Pods-WarmCafeTests.debug.xcconfig */,
				5C6BB27C7052403E228D5C98 /* Pods-WarmCafeTests.release.xcconfig */,
				A24DA2A202345781710633C0 /* Pods-WarmCafeUITests.debug.xcconfig */,
				B9AD4F6888C36E3996FDAE5E /* Pods-WarmCafeUITests.release.xcconfig */,
			);
			name = Pods;
			sourceTree = "<group>";
		};
/* End PBXGroup section */

/* Begin PBXNativeTarget section */
		B44352EA207C66110092D037 /* WarmCafeTest */ = {
			isa = PBXNativeTarget;
			buildConfigurationList = B443530D207C66110092D037 /* Build configuration list for PBXNativeTarget "WarmCafeTest" */;
			buildPhases = (
				B44352EB207C66110092D037 /* [CP] Check Pods Manifest.lock */,
				B44352EC207C66110092D037 /* Sources */,
				B4435300207C66110092D037 /* Frameworks */,
				B4435302207C66110092D037 /* Resources */,
				B443530B207C66110092D037 /* [CP] Embed Pods Frameworks */,
				B443530C207C66110092D037 /* [CP] Copy Pods Resources */,
			);
			buildRules = (
			);
			dependencies = (
			);
			name = WarmCafeTest;
			productName = WarmCafe;
			productReference = B4435310207C66110092D037 /* WarmCafeTest.app */;
			productType = "com.apple.product-type.application";
		};
		B479174E2064FA1C004CAF3C /* WarmCafe */ = {
			isa = PBXNativeTarget;
			buildConfigurationList = B479177B2064FA1D004CAF3C /* Build configuration list for PBXNativeTarget "WarmCafe" */;
			buildPhases = (
				E0E707D13288AE6D8B3989FD /* [CP] Check Pods Manifest.lock */,
				B479174B2064FA1C004CAF3C /* Sources */,
				B479174C2064FA1C004CAF3C /* Frameworks */,
				B479174D2064FA1C004CAF3C /* Resources */,
				3C5BC85D101FFF2183D51988 /* [CP] Embed Pods Frameworks */,
				3C229F79288CD4991F080E74 /* [CP] Copy Pods Resources */,
			);
			buildRules = (
			);
			dependencies = (
			);
			name = WarmCafe;
			productName = WarmCafe;
			productReference = B479174F2064FA1C004CAF3C /* WarmCafe.app */;
			productType = "com.apple.product-type.application";
		};
		B47917662064FA1D004CAF3C /* WarmCafeTests */ = {
			isa = PBXNativeTarget;
			buildConfigurationList = B479177E2064FA1D004CAF3C /* Build configuration list for PBXNativeTarget "WarmCafeTests" */;
			buildPhases = (
				AB72C8CE9AAEE04C9436A99C /* [CP] Check Pods Manifest.lock */,
				B47917632064FA1D004CAF3C /* Sources */,
				B47917642064FA1D004CAF3C /* Frameworks */,
				B47917652064FA1D004CAF3C /* Resources */,
				EB2199EA992202AE2D8953F3 /* [CP] Embed Pods Frameworks */,
				D3A074A155284FB7186473A4 /* [CP] Copy Pods Resources */,
			);
			buildRules = (
			);
			dependencies = (
				B47917692064FA1D004CAF3C /* PBXTargetDependency */,
			);
			name = WarmCafeTests;
			productName = WarmCafeTests;
			productReference = B47917672064FA1D004CAF3C /* WarmCafeTests.xctest */;
			productType = "com.apple.product-type.bundle.unit-test";
		};
		B47917712064FA1D004CAF3C /* WarmCafeUITests */ = {
			isa = PBXNativeTarget;
			buildConfigurationList = B47917812064FA1D004CAF3C /* Build configuration list for PBXNativeTarget "WarmCafeUITests" */;
			buildPhases = (
				F5EAD0189B6453D8D424E855 /* [CP] Check Pods Manifest.lock */,
				B479176E2064FA1D004CAF3C /* Sources */,
				B479176F2064FA1D004CAF3C /* Frameworks */,
				B47917702064FA1D004CAF3C /* Resources */,
				3E8AA323A4E6FD1EC950DF28 /* [CP] Embed Pods Frameworks */,
				15148A16822AF285CA4F44FC /* [CP] Copy Pods Resources */,
			);
			buildRules = (
			);
			dependencies = (
				B47917742064FA1D004CAF3C /* PBXTargetDependency */,
			);
			name = WarmCafeUITests;
			productName = WarmCafeUITests;
			productReference = B47917722064FA1D004CAF3C /* WarmCafeUITests.xctest */;
			productType = "com.apple.product-type.bundle.ui-testing";
		};
/* End PBXNativeTarget section */

/* Begin PBXProject section */
		B47917472064FA1C004CAF3C /* Project object */ = {
			isa = PBXProject;
			attributes = {
				LastUpgradeCheck = 0920;
				ORGANIZATIONNAME = JerseyCoffee;
				TargetAttributes = {
					B44352EA207C66110092D037 = {
						ProvisioningStyle = Automatic;
					};
					B479174E2064FA1C004CAF3C = {
						CreatedOnToolsVersion = 9.2;
						ProvisioningStyle = Automatic;
					};
					B47917662064FA1D004CAF3C = {
						CreatedOnToolsVersion = 9.2;
						ProvisioningStyle = Automatic;
						TestTargetID = B479174E2064FA1C004CAF3C;
					};
					B47917712064FA1D004CAF3C = {
						CreatedOnToolsVersion = 9.2;
						ProvisioningStyle = Automatic;
						TestTargetID = B479174E2064FA1C004CAF3C;
					};
				};
			};
			buildConfigurationList = B479174A2064FA1C004CAF3C /* Build configuration list for PBXProject "WarmCafe" */;
			compatibilityVersion = "Xcode 8.0";
			developmentRegion = en;
			hasScannedForEncodings = 0;
			knownRegions = (
				en,
				Base,
			);
			mainGroup = B47917462064FA1C004CAF3C;
			productRefGroup = B47917502064FA1C004CAF3C /* Products */;
			projectDirPath = "";
			projectRoot = "";
			targets = (
				B479174E2064FA1C004CAF3C /* WarmCafe */,
				B47917662064FA1D004CAF3C /* WarmCafeTests */,
				B47917712064FA1D004CAF3C /* WarmCafeUITests */,
				B44352EA207C66110092D037 /* WarmCafeTest */,
			);
		};
/* End PBXProject section */

/* Begin PBXResourcesBuildPhase section */
		B4435302207C66110092D037 /* Resources */ = {
			isa = PBXResourcesBuildPhase;
			buildActionMask = 2147483647;
			files = (
				B4435303207C66110092D037 /* JSCLaunchView.xib in Resources */,
				B4435304207C66110092D037 /* Default-568h@2x.png in Resources */,
				B4435305207C66110092D037 /* LaunchScreen.storyboard in Resources */,
				B4435306207C66110092D037 /* JSCHomeVC.xib in Resources */,
				B4435307207C66110092D037 /* JSCShopVC.xib in Resources */,
				B4435308207C66110092D037 /* Assets.xcassets in Resources */,
				B4435309207C66110092D037 /* JSCAccountVC.xib in Resources */,
				B443530A207C66110092D037 /* JSCGiftCardVC.xib in Resources */,
			);
			runOnlyForDeploymentPostprocessing = 0;
		};
		B479174D2064FA1C004CAF3C /* Resources */ = {
			isa = PBXResourcesBuildPhase;
			buildActionMask = 2147483647;
			files = (
				B49D6CE42068A19A00A358E7 /* JSCLaunchView.xib in Resources */,
				B49D6D32206A183500A358E7 /* Default-568h@2x.png in Resources */,
				B479175F2064FA1D004CAF3C /* LaunchScreen.storyboard in Resources */,
				B49D6D21206A141B00A358E7 /* JSCHomeVC.xib in Resources */,
				B49D6D2B206A144200A358E7 /* JSCShopVC.xib in Resources */,
				B479175C2064FA1D004CAF3C /* Assets.xcassets in Resources */,
				B49D6D30206A145100A358E7 /* JSCAccountVC.xib in Resources */,
				B48D91B8206BA1480085A980 /* JSCGiftCardVC.xib in Resources */,
			);
			runOnlyForDeploymentPostprocessing = 0;
		};
		B47917652064FA1D004CAF3C /* Resources */ = {
			isa = PBXResourcesBuildPhase;
			buildActionMask = 2147483647;
			files = (
			);
			runOnlyForDeploymentPostprocessing = 0;
		};
		B47917702064FA1D004CAF3C /* Resources */ = {
			isa = PBXResourcesBuildPhase;
			buildActionMask = 2147483647;
			files = (
			);
			runOnlyForDeploymentPostprocessing = 0;
		};
/* End PBXResourcesBuildPhase section */

/* Begin PBXShellScriptBuildPhase section */
		15148A16822AF285CA4F44FC /* [CP] Copy Pods Resources */ = {
			isa = PBXShellScriptBuildPhase;
			buildActionMask = 2147483647;
			files = (
			);
			inputPaths = (
			);
			name = "[CP] Copy Pods Resources";
			outputPaths = (
			);
			runOnlyForDeploymentPostprocessing = 0;
			shellPath = /bin/sh;
			shellScript = "\"${SRCROOT}/Pods/Target Support Files/Pods-WarmCafeUITests/Pods-WarmCafeUITests-resources.sh\"\n";
			showEnvVarsInLog = 0;
		};
		3C229F79288CD4991F080E74 /* [CP] Copy Pods Resources */ = {
			isa = PBXShellScriptBuildPhase;
			buildActionMask = 2147483647;
			files = (
			);
			inputPaths = (
				"${SRCROOT}/Pods/Target Support Files/Pods-WarmCafe/Pods-WarmCafe-resources.sh",
				"${PODS_ROOT}/MJRefresh/MJRefresh/MJRefresh.bundle",
				"${PODS_CONFIGURATION_BUILD_DIR}/MWPhotoBrowser/MWPhotoBrowser.bundle",
				"${PODS_ROOT}/ShareSDK3/ShareSDK/Support/Required/ShareSDK.bundle",
				"${PODS_ROOT}/ShareSDK3/ShareSDK/Support/PlatformSDK/QQSDK/TencentOpenApi_IOS_Bundle.bundle",
				"${PODS_ROOT}/WebViewJavascriptBridge/WebViewJavascriptBridge/WebViewJavascriptBridge.js.txt",
			);
			name = "[CP] Copy Pods Resources";
			outputPaths = (
				"${TARGET_BUILD_DIR}/${UNLOCALIZED_RESOURCES_FOLDER_PATH}/MJRefresh.bundle",
				"${TARGET_BUILD_DIR}/${UNLOCALIZED_RESOURCES_FOLDER_PATH}/MWPhotoBrowser.bundle",
				"${TARGET_BUILD_DIR}/${UNLOCALIZED_RESOURCES_FOLDER_PATH}/ShareSDK.bundle",
				"${TARGET_BUILD_DIR}/${UNLOCALIZED_RESOURCES_FOLDER_PATH}/TencentOpenApi_IOS_Bundle.bundle",
				"${TARGET_BUILD_DIR}/${UNLOCALIZED_RESOURCES_FOLDER_PATH}/WebViewJavascriptBridge.js.txt",
			);
			runOnlyForDeploymentPostprocessing = 0;
			shellPath = /bin/sh;
			shellScript = "\"${SRCROOT}/Pods/Target Support Files/Pods-WarmCafe/Pods-WarmCafe-resources.sh\"\n";
			showEnvVarsInLog = 0;
		};
		3C5BC85D101FFF2183D51988 /* [CP] Embed Pods Frameworks */ = {
			isa = PBXShellScriptBuildPhase;
			buildActionMask = 2147483647;
			files = (
			);
			inputPaths = (
			);
			name = "[CP] Embed Pods Frameworks";
			outputPaths = (
			);
			runOnlyForDeploymentPostprocessing = 0;
			shellPath = /bin/sh;
			shellScript = "\"${SRCROOT}/Pods/Target Support Files/Pods-WarmCafe/Pods-WarmCafe-frameworks.sh\"\n";
			showEnvVarsInLog = 0;
		};
		3E8AA323A4E6FD1EC950DF28 /* [CP] Embed Pods Frameworks */ = {
			isa = PBXShellScriptBuildPhase;
			buildActionMask = 2147483647;
			files = (
			);
			inputPaths = (
			);
			name = "[CP] Embed Pods Frameworks";
			outputPaths = (
			);
			runOnlyForDeploymentPostprocessing = 0;
			shellPath = /bin/sh;
			shellScript = "\"${SRCROOT}/Pods/Target Support Files/Pods-WarmCafeUITests/Pods-WarmCafeUITests-frameworks.sh\"\n";
			showEnvVarsInLog = 0;
		};
		AB72C8CE9AAEE04C9436A99C /* [CP] Check Pods Manifest.lock */ = {
			isa = PBXShellScriptBuildPhase;
			buildActionMask = 2147483647;
			files = (
			);
			inputPaths = (
				"${PODS_PODFILE_DIR_PATH}/Podfile.lock",
				"${PODS_ROOT}/Manifest.lock",
			);
			name = "[CP] Check Pods Manifest.lock";
			outputPaths = (
				"$(DERIVED_FILE_DIR)/Pods-WarmCafeTests-checkManifestLockResult.txt",
			);
			runOnlyForDeploymentPostprocessing = 0;
			shellPath = /bin/sh;
			shellScript = "diff \"${PODS_PODFILE_DIR_PATH}/Podfile.lock\" \"${PODS_ROOT}/Manifest.lock\" > /dev/null\nif [ $? != 0 ] ; then\n    # print error to STDERR\n    echo \"error: The sandbox is not in sync with the Podfile.lock. Run 'pod install' or update your CocoaPods installation.\" >&2\n    exit 1\nfi\n# This output is used by Xcode 'outputs' to avoid re-running this script phase.\necho \"SUCCESS\" > \"${SCRIPT_OUTPUT_FILE_0}\"\n";
			showEnvVarsInLog = 0;
		};
		B44352EB207C66110092D037 /* [CP] Check Pods Manifest.lock */ = {
			isa = PBXShellScriptBuildPhase;
			buildActionMask = 2147483647;
			files = (
			);
			inputPaths = (
				"${PODS_PODFILE_DIR_PATH}/Podfile.lock",
				"${PODS_ROOT}/Manifest.lock",
			);
			name = "[CP] Check Pods Manifest.lock";
			outputPaths = (
				"$(DERIVED_FILE_DIR)/Pods-WarmCafe-checkManifestLockResult.txt",
			);
			runOnlyForDeploymentPostprocessing = 0;
			shellPath = /bin/sh;
			shellScript = "diff \"${PODS_PODFILE_DIR_PATH}/Podfile.lock\" \"${PODS_ROOT}/Manifest.lock\" > /dev/null\nif [ $? != 0 ] ; then\n    # print error to STDERR\n    echo \"error: The sandbox is not in sync with the Podfile.lock. Run 'pod install' or update your CocoaPods installation.\" >&2\n    exit 1\nfi\n# This output is used by Xcode 'outputs' to avoid re-running this script phase.\necho \"SUCCESS\" > \"${SCRIPT_OUTPUT_FILE_0}\"\n";
			showEnvVarsInLog = 0;
		};
		B443530B207C66110092D037 /* [CP] Embed Pods Frameworks */ = {
			isa = PBXShellScriptBuildPhase;
			buildActionMask = 2147483647;
			files = (
			);
			inputPaths = (
			);
			name = "[CP] Embed Pods Frameworks";
			outputPaths = (
			);
			runOnlyForDeploymentPostprocessing = 0;
			shellPath = /bin/sh;
			shellScript = "\"${SRCROOT}/Pods/Target Support Files/Pods-WarmCafe/Pods-WarmCafe-frameworks.sh\"\n";
			showEnvVarsInLog = 0;
		};
		B443530C207C66110092D037 /* [CP] Copy Pods Resources */ = {
			isa = PBXShellScriptBuildPhase;
			buildActionMask = 2147483647;
			files = (
			);
			inputPaths = (
				"${SRCROOT}/Pods/Target Support Files/Pods-WarmCafe/Pods-WarmCafe-resources.sh",
				"${PODS_ROOT}/MJRefresh/MJRefresh/MJRefresh.bundle",
				"${PODS_CONFIGURATION_BUILD_DIR}/MWPhotoBrowser/MWPhotoBrowser.bundle",
				"${PODS_ROOT}/ShareSDK3/ShareSDK/Support/Required/ShareSDK.bundle",
				"${PODS_ROOT}/ShareSDK3/ShareSDK/Support/PlatformSDK/QQSDK/TencentOpenApi_IOS_Bundle.bundle",
				"${PODS_ROOT}/WebViewJavascriptBridge/WebViewJavascriptBridge/WebViewJavascriptBridge.js.txt",
			);
			name = "[CP] Copy Pods Resources";
			outputPaths = (
				"${TARGET_BUILD_DIR}/${UNLOCALIZED_RESOURCES_FOLDER_PATH}/MJRefresh.bundle",
				"${TARGET_BUILD_DIR}/${UNLOCALIZED_RESOURCES_FOLDER_PATH}/MWPhotoBrowser.bundle",
				"${TARGET_BUILD_DIR}/${UNLOCALIZED_RESOURCES_FOLDER_PATH}/ShareSDK.bundle",
				"${TARGET_BUILD_DIR}/${UNLOCALIZED_RESOURCES_FOLDER_PATH}/TencentOpenApi_IOS_Bundle.bundle",
				"${TARGET_BUILD_DIR}/${UNLOCALIZED_RESOURCES_FOLDER_PATH}/WebViewJavascriptBridge.js.txt",
			);
			runOnlyForDeploymentPostprocessing = 0;
			shellPath = /bin/sh;
			shellScript = "\"${SRCROOT}/Pods/Target Support Files/Pods-WarmCafe/Pods-WarmCafe-resources.sh\"\n";
			showEnvVarsInLog = 0;
		};
		D3A074A155284FB7186473A4 /* [CP] Copy Pods Resources */ = {
			isa = PBXShellScriptBuildPhase;
			buildActionMask = 2147483647;
			files = (
			);
			inputPaths = (
			);
			name = "[CP] Copy Pods Resources";
			outputPaths = (
			);
			runOnlyForDeploymentPostprocessing = 0;
			shellPath = /bin/sh;
			shellScript = "\"${SRCROOT}/Pods/Target Support Files/Pods-WarmCafeTests/Pods-WarmCafeTests-resources.sh\"\n";
			showEnvVarsInLog = 0;
		};
		E0E707D13288AE6D8B3989FD /* [CP] Check Pods Manifest.lock */ = {
			isa = PBXShellScriptBuildPhase;
			buildActionMask = 2147483647;
			files = (
			);
			inputPaths = (
				"${PODS_PODFILE_DIR_PATH}/Podfile.lock",
				"${PODS_ROOT}/Manifest.lock",
			);
			name = "[CP] Check Pods Manifest.lock";
			outputPaths = (
				"$(DERIVED_FILE_DIR)/Pods-WarmCafe-checkManifestLockResult.txt",
			);
			runOnlyForDeploymentPostprocessing = 0;
			shellPath = /bin/sh;
			shellScript = "diff \"${PODS_PODFILE_DIR_PATH}/Podfile.lock\" \"${PODS_ROOT}/Manifest.lock\" > /dev/null\nif [ $? != 0 ] ; then\n    # print error to STDERR\n    echo \"error: The sandbox is not in sync with the Podfile.lock. Run 'pod install' or update your CocoaPods installation.\" >&2\n    exit 1\nfi\n# This output is used by Xcode 'outputs' to avoid re-running this script phase.\necho \"SUCCESS\" > \"${SCRIPT_OUTPUT_FILE_0}\"\n";
			showEnvVarsInLog = 0;
		};
		EB2199EA992202AE2D8953F3 /* [CP] Embed Pods Frameworks */ = {
			isa = PBXShellScriptBuildPhase;
			buildActionMask = 2147483647;
			files = (
			);
			inputPaths = (
			);
			name = "[CP] Embed Pods Frameworks";
			outputPaths = (
			);
			runOnlyForDeploymentPostprocessing = 0;
			shellPath = /bin/sh;
			shellScript = "\"${SRCROOT}/Pods/Target Support Files/Pods-WarmCafeTests/Pods-WarmCafeTests-frameworks.sh\"\n";
			showEnvVarsInLog = 0;
		};
		F5EAD0189B6453D8D424E855 /* [CP] Check Pods Manifest.lock */ = {
			isa = PBXShellScriptBuildPhase;
			buildActionMask = 2147483647;
			files = (
			);
			inputPaths = (
				"${PODS_PODFILE_DIR_PATH}/Podfile.lock",
				"${PODS_ROOT}/Manifest.lock",
			);
			name = "[CP] Check Pods Manifest.lock";
			outputPaths = (
				"$(DERIVED_FILE_DIR)/Pods-WarmCafeUITests-checkManifestLockResult.txt",
			);
			runOnlyForDeploymentPostprocessing = 0;
			shellPath = /bin/sh;
			shellScript = "diff \"${PODS_PODFILE_DIR_PATH}/Podfile.lock\" \"${PODS_ROOT}/Manifest.lock\" > /dev/null\nif [ $? != 0 ] ; then\n    # print error to STDERR\n    echo \"error: The sandbox is not in sync with the Podfile.lock. Run 'pod install' or update your CocoaPods installation.\" >&2\n    exit 1\nfi\n# This output is used by Xcode 'outputs' to avoid re-running this script phase.\necho \"SUCCESS\" > \"${SCRIPT_OUTPUT_FILE_0}\"\n";
			showEnvVarsInLog = 0;
		};
/* End PBXShellScriptBuildPhase section */

/* Begin PBXSourcesBuildPhase section */
		B44352EC207C66110092D037 /* Sources */ = {
			isa = PBXSourcesBuildPhase;
			buildActionMask = 2147483647;
			files = (
				B44352ED207C66110092D037 /* JSCShopVC.m in Sources */,
				B44352EE207C66110092D037 /* JSCLaunchView.m in Sources */,
				B44352EF207C66110092D037 /* JSCBaseViewController.m in Sources */,
				B44352F0207C66110092D037 /* JSCHomeVC.m in Sources */,
				B44352F1207C66110092D037 /* UIFont+YMStyle.m in Sources */,
				B44352F2207C66110092D037 /* JSCLaunchVC.m in Sources */,
				B44352F3207C66110092D037 /* JSCGiftCardVC.m in Sources */,
				B44352F4207C66110092D037 /* JSCRootTabVC.m in Sources */,
				B44352F5207C66110092D037 /* UIView+YMTool.m in Sources */,
				B44352F6207C66110092D037 /* JSCAccountVC.m in Sources */,
				B44352F7207C66110092D037 /* JSCRootTabBarVM.m in Sources */,
				B44352F8207C66110092D037 /* ViewController.m in Sources */,
				B44352F9207C66110092D037 /* NSObject+JSCExtension.m in Sources */,
				B44352FA207C66110092D037 /* JSCWelcomeVC.m in Sources */,
				B44352FB207C66110092D037 /* main.m in Sources */,
				B44352FC207C66110092D037 /* JSCBaseModel.m in Sources */,
				B44352FD207C66110092D037 /* UIColor+YMStyle.m in Sources */,
				B44352FE207C66110092D037 /* AppDelegate.m in Sources */,
				B44352FF207C66110092D037 /* JSCNavigationController.m in Sources */,
			);
			runOnlyForDeploymentPostprocessing = 0;
		};
		B479174B2064FA1C004CAF3C /* Sources */ = {
			isa = PBXSourcesBuildPhase;
			buildActionMask = 2147483647;
			files = (
				B49D6D2A206A144200A358E7 /* JSCShopVC.m in Sources */,
				B49D6CE22068A18E00A358E7 /* JSCLaunchView.m in Sources */,
				B49D6CF02068A62B00A358E7 /* JSCBaseViewController.m in Sources */,
				B49D6D20206A141B00A358E7 /* JSCHomeVC.m in Sources */,
				B49D6CDE206895A900A358E7 /* UIFont+YMStyle.m in Sources */,
				B49D6CCC20688FB500A358E7 /* JSCLaunchVC.m in Sources */,
				B48D91B7206BA1480085A980 /* JSCGiftCardVC.m in Sources */,
				B49D6CEA2068A59900A358E7 /* JSCRootTabVC.m in Sources */,
				B49D6CD72068934C00A358E7 /* UIView+YMTool.m in Sources */,
				B49D6D2F206A145100A358E7 /* JSCAccountVC.m in Sources */,
				B49D6CF92068C1D500A358E7 /* JSCRootTabBarVM.m in Sources */,
				B47917572064FA1C004CAF3C /* ViewController.m in Sources */,
				B49D6D0C2069EED800A358E7 /* NSObject+JSCExtension.m in Sources */,
				B49D6CE72068A53B00A358E7 /* JSCWelcomeVC.m in Sources */,
				B47917622064FA1D004CAF3C /* main.m in Sources */,
				B49D6CF62068C15D00A358E7 /* JSCBaseModel.m in Sources */,
				B49D6CDF206895A900A358E7 /* UIColor+YMStyle.m in Sources */,
				B47917542064FA1C004CAF3C /* AppDelegate.m in Sources */,
				B48D91B3206B72010085A980 /* JSCNavigationController.m in Sources */,
			);
			runOnlyForDeploymentPostprocessing = 0;
		};
		B47917632064FA1D004CAF3C /* Sources */ = {
			isa = PBXSourcesBuildPhase;
			buildActionMask = 2147483647;
			files = (
				B479176C2064FA1D004CAF3C /* WarmCafeTests.m in Sources */,
			);
			runOnlyForDeploymentPostprocessing = 0;
		};
		B479176E2064FA1D004CAF3C /* Sources */ = {
			isa = PBXSourcesBuildPhase;
			buildActionMask = 2147483647;
			files = (
				B47917772064FA1D004CAF3C /* WarmCafeUITests.m in Sources */,
			);
			runOnlyForDeploymentPostprocessing = 0;
		};
/* End PBXSourcesBuildPhase section */

/* Begin PBXTargetDependency section */
		B47917692064FA1D004CAF3C /* PBXTargetDependency */ = {
			isa = PBXTargetDependency;
			target = B479174E2064FA1C004CAF3C /* WarmCafe */;
			targetProxy = B47917682064FA1D004CAF3C /* PBXContainerItemProxy */;
		};
		B47917742064FA1D004CAF3C /* PBXTargetDependency */ = {
			isa = PBXTargetDependency;
			target = B479174E2064FA1C004CAF3C /* WarmCafe */;
			targetProxy = B47917732064FA1D004CAF3C /* PBXContainerItemProxy */;
		};
/* End PBXTargetDependency section */

/* Begin PBXVariantGroup section */
		B479175D2064FA1D004CAF3C /* LaunchScreen.storyboard */ = {
			isa = PBXVariantGroup;
			children = (
				B479175E2064FA1D004CAF3C /* Base */,
			);
			name = LaunchScreen.storyboard;
			sourceTree = "<group>";
		};
/* End PBXVariantGroup section */

/* Begin XCBuildConfiguration section */
		B443530E207C66110092D037 /* Debug */ = {
			isa = XCBuildConfiguration;
			baseConfigurationReference = 11D13BF206716D887422F321 /* Pods-WarmCafe.debug.xcconfig */;
			buildSettings = {
				ASSETCATALOG_COMPILER_APPICON_NAME = AppIcon;
				CLANG_OPTIMIZATION_PROFILE_FILE = "$(SRCROOT)/OptimizationProfiles/$(PROJECT_NAME).profdata";
				CODE_SIGN_STYLE = Automatic;
				DEVELOPMENT_TEAM = 2K6DTDY865;
				GCC_PRECOMPILE_PREFIX_HEADER = YES;
				GCC_PREFIX_HEADER = "$(SRCROOT)/WarmCafe/Supporting Files/JSCPrefixHeader.pch";
				INFOPLIST_FILE = "$(SRCROOT)/WarmCafeTest-Info.plist";
				IPHONEOS_DEPLOYMENT_TARGET = 9.0;
				LD_RUNPATH_SEARCH_PATHS = "$(inherited) @executable_path/Frameworks";
				PRODUCT_BUNDLE_IDENTIFIER = JerseyCoffee.WarmCafe;
				PRODUCT_NAME = "$(TARGET_NAME)";
				TARGETED_DEVICE_FAMILY = 1;
			};
			name = Debug;
		};
		B443530F207C66110092D037 /* Release */ = {
			isa = XCBuildConfiguration;
			baseConfigurationReference = 5C5BEBE205FCD580084EFCB5 /* Pods-WarmCafe.release.xcconfig */;
			buildSettings = {
				ASSETCATALOG_COMPILER_APPICON_NAME = AppIcon;
				CLANG_OPTIMIZATION_PROFILE_FILE = "$(SRCROOT)/OptimizationProfiles/$(PROJECT_NAME).profdata";
				CODE_SIGN_STYLE = Automatic;
				DEVELOPMENT_TEAM = 2K6DTDY865;
				GCC_PRECOMPILE_PREFIX_HEADER = YES;
				GCC_PREFIX_HEADER = "$(SRCROOT)/WarmCafe/Supporting Files/JSCPrefixHeader.pch";
				INFOPLIST_FILE = "$(SRCROOT)/WarmCafeTest-Info.plist";
				IPHONEOS_DEPLOYMENT_TARGET = 9.0;
				LD_RUNPATH_SEARCH_PATHS = "$(inherited) @executable_path/Frameworks";
				PRODUCT_BUNDLE_IDENTIFIER = JerseyCoffee.WarmCafe;
				PRODUCT_NAME = "$(TARGET_NAME)";
				TARGETED_DEVICE_FAMILY = 1;
			};
			name = Release;
		};
		B47917792064FA1D004CAF3C /* Debug */ = {
			isa = XCBuildConfiguration;
			buildSettings = {
				ALWAYS_SEARCH_USER_PATHS = NO;
				CLANG_ANALYZER_NONNULL = YES;
				CLANG_ANALYZER_NUMBER_OBJECT_CONVERSION = YES_AGGRESSIVE;
				CLANG_CXX_LANGUAGE_STANDARD = "gnu++14";
				CLANG_CXX_LIBRARY = "libc++";
				CLANG_ENABLE_MODULES = YES;
				CLANG_ENABLE_OBJC_ARC = YES;
				CLANG_WARN_BLOCK_CAPTURE_AUTORELEASING = YES;
				CLANG_WARN_BOOL_CONVERSION = YES;
				CLANG_WARN_COMMA = YES;
				CLANG_WARN_CONSTANT_CONVERSION = YES;
				CLANG_WARN_DIRECT_OBJC_ISA_USAGE = YES_ERROR;
				CLANG_WARN_DOCUMENTATION_COMMENTS = YES;
				CLANG_WARN_EMPTY_BODY = YES;
				CLANG_WARN_ENUM_CONVERSION = YES;
				CLANG_WARN_INFINITE_RECURSION = YES;
				CLANG_WARN_INT_CONVERSION = YES;
				CLANG_WARN_NON_LITERAL_NULL_CONVERSION = YES;
				CLANG_WARN_OBJC_LITERAL_CONVERSION = YES;
				CLANG_WARN_OBJC_ROOT_CLASS = YES_ERROR;
				CLANG_WARN_RANGE_LOOP_ANALYSIS = YES;
				CLANG_WARN_STRICT_PROTOTYPES = YES;
				CLANG_WARN_SUSPICIOUS_MOVE = YES;
				CLANG_WARN_UNGUARDED_AVAILABILITY = YES_AGGRESSIVE;
				CLANG_WARN_UNREACHABLE_CODE = YES;
				CLANG_WARN__DUPLICATE_METHOD_MATCH = YES;
				CODE_SIGN_IDENTITY = "iPhone Developer";
				COPY_PHASE_STRIP = NO;
				DEBUG_INFORMATION_FORMAT = dwarf;
				ENABLE_STRICT_OBJC_MSGSEND = YES;
				ENABLE_TESTABILITY = YES;
				GCC_C_LANGUAGE_STANDARD = gnu11;
				GCC_DYNAMIC_NO_PIC = NO;
				GCC_NO_COMMON_BLOCKS = YES;
				GCC_OPTIMIZATION_LEVEL = 0;
				GCC_PREPROCESSOR_DEFINITIONS = (
					"DEBUG=1",
					"$(inherited)",
				);
				GCC_WARN_64_TO_32_BIT_CONVERSION = YES;
				GCC_WARN_ABOUT_RETURN_TYPE = YES_ERROR;
				GCC_WARN_UNDECLARED_SELECTOR = YES;
				GCC_WARN_UNINITIALIZED_AUTOS = YES_AGGRESSIVE;
				GCC_WARN_UNUSED_FUNCTION = YES;
				GCC_WARN_UNUSED_VARIABLE = YES;
				IPHONEOS_DEPLOYMENT_TARGET = 11.2;
				MTL_ENABLE_DEBUG_INFO = YES;
				ONLY_ACTIVE_ARCH = YES;
				SDKROOT = iphoneos;
			};
			name = Debug;
		};
		B479177A2064FA1D004CAF3C /* Release */ = {
			isa = XCBuildConfiguration;
			buildSettings = {
				ALWAYS_SEARCH_USER_PATHS = NO;
				CLANG_ANALYZER_NONNULL = YES;
				CLANG_ANALYZER_NUMBER_OBJECT_CONVERSION = YES_AGGRESSIVE;
				CLANG_CXX_LANGUAGE_STANDARD = "gnu++14";
				CLANG_CXX_LIBRARY = "libc++";
				CLANG_ENABLE_MODULES = YES;
				CLANG_ENABLE_OBJC_ARC = YES;
				CLANG_WARN_BLOCK_CAPTURE_AUTORELEASING = YES;
				CLANG_WARN_BOOL_CONVERSION = YES;
				CLANG_WARN_COMMA = YES;
				CLANG_WARN_CONSTANT_CONVERSION = YES;
				CLANG_WARN_DIRECT_OBJC_ISA_USAGE = YES_ERROR;
				CLANG_WARN_DOCUMENTATION_COMMENTS = YES;
				CLANG_WARN_EMPTY_BODY = YES;
				CLANG_WARN_ENUM_CONVERSION = YES;
				CLANG_WARN_INFINITE_RECURSION = YES;
				CLANG_WARN_INT_CONVERSION = YES;
				CLANG_WARN_NON_LITERAL_NULL_CONVERSION = YES;
				CLANG_WARN_OBJC_LITERAL_CONVERSION = YES;
				CLANG_WARN_OBJC_ROOT_CLASS = YES_ERROR;
				CLANG_WARN_RANGE_LOOP_ANALYSIS = YES;
				CLANG_WARN_STRICT_PROTOTYPES = YES;
				CLANG_WARN_SUSPICIOUS_MOVE = YES;
				CLANG_WARN_UNGUARDED_AVAILABILITY = YES_AGGRESSIVE;
				CLANG_WARN_UNREACHABLE_CODE = YES;
				CLANG_WARN__DUPLICATE_METHOD_MATCH = YES;
				CODE_SIGN_IDENTITY = "iPhone Developer";
				COPY_PHASE_STRIP = NO;
				DEBUG_INFORMATION_FORMAT = "dwarf-with-dsym";
				ENABLE_NS_ASSERTIONS = NO;
				ENABLE_STRICT_OBJC_MSGSEND = YES;
				GCC_C_LANGUAGE_STANDARD = gnu11;
				GCC_NO_COMMON_BLOCKS = YES;
				GCC_WARN_64_TO_32_BIT_CONVERSION = YES;
				GCC_WARN_ABOUT_RETURN_TYPE = YES_ERROR;
				GCC_WARN_UNDECLARED_SELECTOR = YES;
				GCC_WARN_UNINITIALIZED_AUTOS = YES_AGGRESSIVE;
				GCC_WARN_UNUSED_FUNCTION = YES;
				GCC_WARN_UNUSED_VARIABLE = YES;
				IPHONEOS_DEPLOYMENT_TARGET = 11.2;
				MTL_ENABLE_DEBUG_INFO = NO;
				SDKROOT = iphoneos;
				VALIDATE_PRODUCT = YES;
			};
			name = Release;
		};
		B479177C2064FA1D004CAF3C /* Debug */ = {
			isa = XCBuildConfiguration;
			baseConfigurationReference = 11D13BF206716D887422F321 /* Pods-WarmCafe.debug.xcconfig */;
			buildSettings = {
				ASSETCATALOG_COMPILER_APPICON_NAME = AppIcon;
				CLANG_OPTIMIZATION_PROFILE_FILE = "$(SRCROOT)/OptimizationProfiles/$(PROJECT_NAME).profdata";
				CODE_SIGN_STYLE = Automatic;
				DEVELOPMENT_TEAM = 2K6DTDY865;
				GCC_PRECOMPILE_PREFIX_HEADER = YES;
				GCC_PREFIX_HEADER = "$(SRCROOT)/WarmCafe/Supporting Files/JSCPrefixHeader.pch";
				INFOPLIST_FILE = "$(SRCROOT)/WarmCafe/Supporting Files/Info.plist";
				IPHONEOS_DEPLOYMENT_TARGET = 9.0;
				LD_RUNPATH_SEARCH_PATHS = "$(inherited) @executable_path/Frameworks";
				PRODUCT_BUNDLE_IDENTIFIER = JerseyCoffee.WarmCafe;
				PRODUCT_NAME = "$(TARGET_NAME)";
				TARGETED_DEVICE_FAMILY = 1;
			};
			name = Debug;
		};
		B479177D2064FA1D004CAF3C /* Release */ = {
			isa = XCBuildConfiguration;
			baseConfigurationReference = 5C5BEBE205FCD580084EFCB5 /* Pods-WarmCafe.release.xcconfig */;
			buildSettings = {
				ASSETCATALOG_COMPILER_APPICON_NAME = AppIcon;
				CLANG_OPTIMIZATION_PROFILE_FILE = "$(SRCROOT)/OptimizationProfiles/$(PROJECT_NAME).profdata";
				CODE_SIGN_STYLE = Automatic;
				DEVELOPMENT_TEAM = 2K6DTDY865;
				GCC_PRECOMPILE_PREFIX_HEADER = YES;
				GCC_PREFIX_HEADER = "$(SRCROOT)/WarmCafe/Supporting Files/JSCPrefixHeader.pch";
				INFOPLIST_FILE = "$(SRCROOT)/WarmCafe/Supporting Files/Info.plist";
				IPHONEOS_DEPLOYMENT_TARGET = 9.0;
				LD_RUNPATH_SEARCH_PATHS = "$(inherited) @executable_path/Frameworks";
				PRODUCT_BUNDLE_IDENTIFIER = JerseyCoffee.WarmCafe;
				PRODUCT_NAME = "$(TARGET_NAME)";
				TARGETED_DEVICE_FAMILY = 1;
			};
			name = Release;
		};
		B479177F2064FA1D004CAF3C /* Debug */ = {
			isa = XCBuildConfiguration;
			baseConfigurationReference = A55299266DF9E04D642CAE01 /* Pods-WarmCafeTests.debug.xcconfig */;
			buildSettings = {
				BUNDLE_LOADER = "$(TEST_HOST)";
				CODE_SIGN_STYLE = Automatic;
				DEVELOPMENT_TEAM = 2K6DTDY865;
				INFOPLIST_FILE = WarmCafeTests/Info.plist;
				LD_RUNPATH_SEARCH_PATHS = "$(inherited) @executable_path/Frameworks @loader_path/Frameworks";
				PRODUCT_BUNDLE_IDENTIFIER = JerseyCoffee.WarmCafeTests;
				PRODUCT_NAME = "$(TARGET_NAME)";
				TARGETED_DEVICE_FAMILY = "1,2";
				TEST_HOST = "$(BUILT_PRODUCTS_DIR)/WarmCafe.app/WarmCafe";
			};
			name = Debug;
		};
		B47917802064FA1D004CAF3C /* Release */ = {
			isa = XCBuildConfiguration;
			baseConfigurationReference = 5C6BB27C7052403E228D5C98 /* Pods-WarmCafeTests.release.xcconfig */;
			buildSettings = {
				BUNDLE_LOADER = "$(TEST_HOST)";
				CODE_SIGN_STYLE = Automatic;
				DEVELOPMENT_TEAM = 2K6DTDY865;
				INFOPLIST_FILE = WarmCafeTests/Info.plist;
				LD_RUNPATH_SEARCH_PATHS = "$(inherited) @executable_path/Frameworks @loader_path/Frameworks";
				PRODUCT_BUNDLE_IDENTIFIER = JerseyCoffee.WarmCafeTests;
				PRODUCT_NAME = "$(TARGET_NAME)";
				TARGETED_DEVICE_FAMILY = "1,2";
				TEST_HOST = "$(BUILT_PRODUCTS_DIR)/WarmCafe.app/WarmCafe";
			};
			name = Release;
		};
		B47917822064FA1D004CAF3C /* Debug */ = {
			isa = XCBuildConfiguration;
			baseConfigurationReference = A24DA2A202345781710633C0 /* Pods-WarmCafeUITests.debug.xcconfig */;
			buildSettings = {
				CODE_SIGN_STYLE = Automatic;
				DEVELOPMENT_TEAM = 2K6DTDY865;
				INFOPLIST_FILE = WarmCafeUITests/Info.plist;
				LD_RUNPATH_SEARCH_PATHS = "$(inherited) @executable_path/Frameworks @loader_path/Frameworks";
				PRODUCT_BUNDLE_IDENTIFIER = JerseyCoffee.WarmCafeUITests;
				PRODUCT_NAME = "$(TARGET_NAME)";
				TARGETED_DEVICE_FAMILY = "1,2";
				TEST_TARGET_NAME = WarmCafe;
			};
			name = Debug;
		};
		B47917832064FA1D004CAF3C /* Release */ = {
			isa = XCBuildConfiguration;
			baseConfigurationReference = B9AD4F6888C36E3996FDAE5E /* Pods-WarmCafeUITests.release.xcconfig */;
			buildSettings = {
				CODE_SIGN_STYLE = Automatic;
				DEVELOPMENT_TEAM = 2K6DTDY865;
				INFOPLIST_FILE = WarmCafeUITests/Info.plist;
				LD_RUNPATH_SEARCH_PATHS = "$(inherited) @executable_path/Frameworks @loader_path/Frameworks";
				PRODUCT_BUNDLE_IDENTIFIER = JerseyCoffee.WarmCafeUITests;
				PRODUCT_NAME = "$(TARGET_NAME)";
				TARGETED_DEVICE_FAMILY = "1,2";
				TEST_TARGET_NAME = WarmCafe;
			};
			name = Release;
		};
/* End XCBuildConfiguration section */

/* Begin XCConfigurationList section */
		B443530D207C66110092D037 /* Build configuration list for PBXNativeTarget "WarmCafeTest" */ = {
			isa = XCConfigurationList;
			buildConfigurations = (
				B443530E207C66110092D037 /* Debug */,
				B443530F207C66110092D037 /* Release */,
			);
			defaultConfigurationIsVisible = 0;
			defaultConfigurationName = Release;
		};
		B479174A2064FA1C004CAF3C /* Build configuration list for PBXProject "WarmCafe" */ = {
			isa = XCConfigurationList;
			buildConfigurations = (
				B47917792064FA1D004CAF3C /* Debug */,
				B479177A2064FA1D004CAF3C /* Release */,
			);
			defaultConfigurationIsVisible = 0;
			defaultConfigurationName = Release;
		};
		B479177B2064FA1D004CAF3C /* Build configuration list for PBXNativeTarget "WarmCafe" */ = {
			isa = XCConfigurationList;
			buildConfigurations = (
				B479177C2064FA1D004CAF3C /* Debug */,
				B479177D2064FA1D004CAF3C /* Release */,
			);
			defaultConfigurationIsVisible = 0;
			defaultConfigurationName = Release;
		};
		B479177E2064FA1D004CAF3C /* Build configuration list for PBXNativeTarget "WarmCafeTests" */ = {
			isa = XCConfigurationList;
			buildConfigurations = (
				B479177F2064FA1D004CAF3C /* Debug */,
				B47917802064FA1D004CAF3C /* Release */,
			);
			defaultConfigurationIsVisible = 0;
			defaultConfigurationName = Release;
		};
		B47917812064FA1D004CAF3C /* Build configuration list for PBXNativeTarget "WarmCafeUITests" */ = {
			isa = XCConfigurationList;
			buildConfigurations = (
				B47917822064FA1D004CAF3C /* Debug */,
				B47917832064FA1D004CAF3C /* Release */,
			);
			defaultConfigurationIsVisible = 0;
			defaultConfigurationName = Release;
		};
/* End XCConfigurationList section */
	};
	rootObject = B47917472064FA1C004CAF3C /* Project object */;
}
